
Microsoft Visual Studio Solution File, Format Version 12.00
Project("{FAE04EC0-301F-11D3-BF4B-00C04F79EFBC}") = "BoltTest", "BoltTest\BoltTest.csproj", "{763E13F4-4967-466C-8ABF-47647F510E3B}"
EndProject
Global
	GlobalSection(SolutionConfigurationPlatforms) = preSolution
		Debug|Any CPU = Debug|Any CPU
		Release|Any CPU = Release|Any CPU
	EndGlobalSection
	GlobalSection(ProjectConfigurationPlatforms) = postSolution
		{763E13F4-4967-466C-8ABF-47647F510E3B}.Debug|Any CPU.ActiveCfg = Debug|Any CPU
		{763E13F4-4967-466C-8ABF-47647F510E3B}.Debug|Any CPU.Build.0 = Debug|Any CPU
		{763E13F4-4967-466C-8ABF-47647F510E3B}.Release|Any CPU.ActiveCfg = Release|Any CPU
		{763E13F4-4967-466C-8ABF-47647F510E3B}.Release|Any CPU.Build.0 = Release|Any CPU
	EndGlobalSection
EndGlobal
